
Microsoft Visual Studio Solution File, Format Version 12.00
# Visual Studio Version 16
VisualStudioVersion = 16.0.31205.134
MinimumVisualStudioVersion = 10.0.40219.1
Project("{FAE04EC0-301F-11D3-BF4B-00C04F79EFBC}") = "Lab_2_1ind", "Lab_2_1ind\Lab_2_1ind.csproj", "{1C15B85A-E942-4A16-A735-3B57165ED471}"
EndProject
Global
	GlobalSection(SolutionConfigurationPlatforms) = preSolution
		Debug|Any CPU = Debug|Any CPU
		Release|Any CPU = Release|Any CPU
	EndGlobalSection
	GlobalSection(ProjectConfigurationPlatforms) = postSolution
		{1C15B85A-E942-4A16-A735-3B57165ED471}.Debug|Any CPU.ActiveCfg = Debug|Any CPU
		{1C15B85A-E942-4A16-A735-3B57165ED471}.Debug|Any CPU.Build.0 = Debug|Any CPU
		{1C15B85A-E942-4A16-A735-3B57165ED471}.Release|Any CPU.ActiveCfg = Release|Any CPU
		{1C15B85A-E942-4A16-A735-3B57165ED471}.Release|Any CPU.Build.0 = Release|Any CPU
	EndGlobalSection
	GlobalSection(SolutionProperties) = preSolution
		HideSolutionNode = FALSE
	EndGlobalSection
	GlobalSection(ExtensibilityGlobals) = postSolution
		SolutionGuid = {679250B3-F840-47A2-A782-21D9822B1708}
	EndGlobalSection
EndGlobal
