
Microsoft Visual Studio Solution File, Format Version 12.00
# Visual Studio Version 16
VisualStudioVersion = 16.0.31205.134
MinimumVisualStudioVersion = 10.0.40219.1
Project("{FAE04EC0-301F-11D3-BF4B-00C04F79EFBC}") = "Lab_2_1", "Lab_2_1\Lab_2_1.csproj", "{C28CEE96-ED04-4BF7-B652-5EB58E018349}"
EndProject
Global
	GlobalSection(SolutionConfigurationPlatforms) = preSolution
		Debug|Any CPU = Debug|Any CPU
		Release|Any CPU = Release|Any CPU
	EndGlobalSection
	GlobalSection(ProjectConfigurationPlatforms) = postSolution
		{C28CEE96-ED04-4BF7-B652-5EB58E018349}.Debug|Any CPU.ActiveCfg = Debug|Any CPU
		{C28CEE96-ED04-4BF7-B652-5EB58E018349}.Debug|Any CPU.Build.0 = Debug|Any CPU
		{C28CEE96-ED04-4BF7-B652-5EB58E018349}.Release|Any CPU.ActiveCfg = Release|Any CPU
		{C28CEE96-ED04-4BF7-B652-5EB58E018349}.Release|Any CPU.Build.0 = Release|Any CPU
	EndGlobalSection
	GlobalSection(SolutionProperties) = preSolution
		HideSolutionNode = FALSE
	EndGlobalSection
	GlobalSection(ExtensibilityGlobals) = postSolution
		SolutionGuid = {28750000-1A3B-4768-9DCA-6F0A09087D4B}
	EndGlobalSection
EndGlobal
