
Microsoft Visual Studio Solution File, Format Version 12.00
# Visual Studio Version 16
VisualStudioVersion = 16.0.31205.134
MinimumVisualStudioVersion = 10.0.40219.1
Project("{FAE04EC0-301F-11D3-BF4B-00C04F79EFBC}") = "lab_1_4", "lab_1_4\lab_1_4.csproj", "{C44D87B5-0D7A-4B29-BFF8-B61118F69DA2}"
EndProject
Global
	GlobalSection(SolutionConfigurationPlatforms) = preSolution
		Debug|Any CPU = Debug|Any CPU
		Release|Any CPU = Release|Any CPU
	EndGlobalSection
	GlobalSection(ProjectConfigurationPlatforms) = postSolution
		{C44D87B5-0D7A-4B29-BFF8-B61118F69DA2}.Debug|Any CPU.ActiveCfg = Debug|Any CPU
		{C44D87B5-0D7A-4B29-BFF8-B61118F69DA2}.Debug|Any CPU.Build.0 = Debug|Any CPU
		{C44D87B5-0D7A-4B29-BFF8-B61118F69DA2}.Release|Any CPU.ActiveCfg = Release|Any CPU
		{C44D87B5-0D7A-4B29-BFF8-B61118F69DA2}.Release|Any CPU.Build.0 = Release|Any CPU
	EndGlobalSection
	GlobalSection(SolutionProperties) = preSolution
		HideSolutionNode = FALSE
	EndGlobalSection
	GlobalSection(ExtensibilityGlobals) = postSolution
		SolutionGuid = {5F152A10-A59E-4C48-B4D3-17DB432FB050}
	EndGlobalSection
EndGlobal
